
Microsoft Visual Studio Solution File, Format Version 12.00
# Visual Studio 2012
Project("{FAE04EC0-301F-11D3-BF4B-00C04F79EFBC}") = "CatalogBusiness", "Libraries\CatalogBusiness\CatalogBusiness.csproj", "{15F8BFD3-D5C3-42F7-B742-10BF7B6AA859}"
EndProject
Project("{FAE04EC0-301F-11D3-BF4B-00C04F79EFBC}") = "CatalogNHibernate", "Libraries\CatalogNHibernate\CatalogNHibernate.csproj", "{C7A644A1-C1FA-46C5-9671-CFBACEBE78CD}"
EndProject
Project("{2150E333-8FDC-42A3-9474-1A3956D46DE8}") = "Library", "Library", "{55025B78-0907-494A-8ECE-45C92F6D0BB8}"
EndProject
Project("{FAE04EC0-301F-11D3-BF4B-00C04F79EFBC}") = "CatalogDal", "Libraries\CatalogDal\CatalogDal.csproj", "{45F7266D-1B85-4E0E-A9A3-698EAD2837F1}"
EndProject
Project("{2150E333-8FDC-42A3-9474-1A3956D46DE8}") = "Tests", "Tests", "{0A969681-A755-4E50-8F42-A2C6BC91D13D}"
EndProject
Project("{FAE04EC0-301F-11D3-BF4B-00C04F79EFBC}") = "CatalogTests.Integration", "Tests\Tests.Integration\CatalogTests.Integration.csproj", "{4321D3DB-D6F6-42FD-B117-42BD8B515137}"
EndProject
Project("{FAE04EC0-301F-11D3-BF4B-00C04F79EFBC}") = "CatalogWebApp", "WebApp\CatalogWebApp\CatalogWebApp.csproj", "{E94B615A-4611-4449-85A3-F4C34D5E9E26}"
EndProject
Global
	GlobalSection(SolutionConfigurationPlatforms) = preSolution
		Debug|Any CPU = Debug|Any CPU
		Release|Any CPU = Release|Any CPU
	EndGlobalSection
	GlobalSection(ProjectConfigurationPlatforms) = postSolution
		{15F8BFD3-D5C3-42F7-B742-10BF7B6AA859}.Debug|Any CPU.ActiveCfg = Debug|Any CPU
		{15F8BFD3-D5C3-42F7-B742-10BF7B6AA859}.Debug|Any CPU.Build.0 = Debug|Any CPU
		{15F8BFD3-D5C3-42F7-B742-10BF7B6AA859}.Release|Any CPU.ActiveCfg = Release|Any CPU
		{15F8BFD3-D5C3-42F7-B742-10BF7B6AA859}.Release|Any CPU.Build.0 = Release|Any CPU
		{C7A644A1-C1FA-46C5-9671-CFBACEBE78CD}.Debug|Any CPU.ActiveCfg = Debug|Any CPU
		{C7A644A1-C1FA-46C5-9671-CFBACEBE78CD}.Debug|Any CPU.Build.0 = Debug|Any CPU
		{C7A644A1-C1FA-46C5-9671-CFBACEBE78CD}.Release|Any CPU.ActiveCfg = Release|Any CPU
		{C7A644A1-C1FA-46C5-9671-CFBACEBE78CD}.Release|Any CPU.Build.0 = Release|Any CPU
		{45F7266D-1B85-4E0E-A9A3-698EAD2837F1}.Debug|Any CPU.ActiveCfg = Debug|Any CPU
		{45F7266D-1B85-4E0E-A9A3-698EAD2837F1}.Debug|Any CPU.Build.0 = Debug|Any CPU
		{45F7266D-1B85-4E0E-A9A3-698EAD2837F1}.Release|Any CPU.ActiveCfg = Release|Any CPU
		{45F7266D-1B85-4E0E-A9A3-698EAD2837F1}.Release|Any CPU.Build.0 = Release|Any CPU
		{4321D3DB-D6F6-42FD-B117-42BD8B515137}.Debug|Any CPU.ActiveCfg = Debug|Any CPU
		{4321D3DB-D6F6-42FD-B117-42BD8B515137}.Debug|Any CPU.Build.0 = Debug|Any CPU
		{4321D3DB-D6F6-42FD-B117-42BD8B515137}.Release|Any CPU.ActiveCfg = Release|Any CPU
		{4321D3DB-D6F6-42FD-B117-42BD8B515137}.Release|Any CPU.Build.0 = Release|Any CPU
		{E94B615A-4611-4449-85A3-F4C34D5E9E26}.Debug|Any CPU.ActiveCfg = Debug|Any CPU
		{E94B615A-4611-4449-85A3-F4C34D5E9E26}.Debug|Any CPU.Build.0 = Debug|Any CPU
		{E94B615A-4611-4449-85A3-F4C34D5E9E26}.Release|Any CPU.ActiveCfg = Release|Any CPU
		{E94B615A-4611-4449-85A3-F4C34D5E9E26}.Release|Any CPU.Build.0 = Release|Any CPU
	EndGlobalSection
	GlobalSection(SolutionProperties) = preSolution
		HideSolutionNode = FALSE
	EndGlobalSection
	GlobalSection(NestedProjects) = preSolution
		{C7A644A1-C1FA-46C5-9671-CFBACEBE78CD} = {55025B78-0907-494A-8ECE-45C92F6D0BB8}
		{15F8BFD3-D5C3-42F7-B742-10BF7B6AA859} = {55025B78-0907-494A-8ECE-45C92F6D0BB8}
		{45F7266D-1B85-4E0E-A9A3-698EAD2837F1} = {55025B78-0907-494A-8ECE-45C92F6D0BB8}
		{4321D3DB-D6F6-42FD-B117-42BD8B515137} = {0A969681-A755-4E50-8F42-A2C6BC91D13D}
	EndGlobalSection
EndGlobal
